schema: '2.0'
stages:
  preprocess:
    cmd: python scripts/preprocess.py
    deps:
    - path: data/raw/
      hash: md5
      md5: 258f409b9cb543c7cae3902ab7eb808f.dir
      size: 65879160
      nfiles: 2
    - path: scripts/preprocess.py
      hash: md5
      md5: 966fd62fcddf39410127760d299be310
      size: 2452
    params:
      params.yaml:
        preprocess.input_file: /../data/raw/ts9_test1_in_FP32.wav
        preprocess.input_size: 150
        preprocess.output_dir: data/processed/
        preprocess.target_file: /../data/raw/ts9_test1_out_FP32.wav
        preprocess.test_split: 0.3
    outs:
    - path: data/processed/
      hash: md5
      md5: 1457eef78df6d36fb5e700e4dc143c95.dir
      size: 4973692020
      nfiles: 2
  train:
    cmd: python scripts/train.py
    deps:
    - path: data/processed/
      hash: md5
      md5: 1457eef78df6d36fb5e700e4dc143c95.dir
      size: 4973692020
      nfiles: 2
    - path: scripts/train.py
      hash: md5
      md5: 9f7f047f3815b76f355fe1a2ba68f595
      size: 5129
    params:
      params.yaml:
        train.batch_size: 4096
        train.epochs: 1
        train.name: model
        train.train_mode: 0
    outs:
    - path: dvclive/
      hash: md5
      md5: 823bd8fcde5e4ef2a45579a1c08361bb.dir
      size: 428
      nfiles: 2
    - path: models/checkpoints/
      hash: md5
      md5: 91f4d5d2fb1b437fe49017e7a0340a68.dir
      size: 47580
      nfiles: 1
    - path: tensorboard/
      hash: md5
      md5: 0d4433602528241ffaa52242a2996739.dir
      size: 86583
      nfiles: 1
  export:
    cmd: python scripts/export.py
    deps:
    - path: models/checkpoints/
      hash: md5
      md5: 91f4d5d2fb1b437fe49017e7a0340a68.dir
      size: 47580
      nfiles: 1
    - path: scripts/export.py
      hash: md5
      md5: d6ab3d080da73e0eec9611aca7a765c3
      size: 1458
    params:
      params.yaml:
        preprocess.input_size: 150
        train.name: model
        train.train_mode: 0
    outs:
    - path: models/exports/
      hash: md5
      md5: cee39caccdba3e2ffd6cae9855ff5fe9.dir
      size: 50450
      nfiles: 1
