schema: '2.0'
stages:
  preprocess:
    cmd: python3 source/preprocess.py
    deps:
    - path: data/raw/
      hash: md5
      md5: 258f409b9cb543c7cae3902ab7eb808f.dir
      size: 65879160
      nfiles: 2
    - path: source/preprocess.py
      hash: md5
      md5: 4a35638bb775ecc26220c0af35ab5bdf
      size: 2420
    params:
      params.yaml:
        general.input_size: 150
        preprocess.input_file: /../data/raw/ts9_test1_in_FP32.wav
        preprocess.target_file: /../data/raw/ts9_test1_out_FP32.wav
        preprocess.test_split: 0.19
    outs:
    - path: data/processed/
      hash: md5
      md5: 3311bde04fc21921ce8ba38464de9e43.dir
      size: 4973691876
      nfiles: 1
  train:
    cmd: python3 source/train.py
    deps:
    - path: data/processed/
      hash: md5
      md5: 3311bde04fc21921ce8ba38464de9e43.dir
      size: 4973691876
      nfiles: 1
    - path: source/model.py
      hash: md5
      md5: 67bc4dea1c315530d86a4baf04da1bd8
      size: 884
    - path: source/train.py
      hash: md5
      md5: 8b3cc8e9ee80c524956202c274aaea67
      size: 9180
    params:
      params.yaml:
        general.input_size: 150
        general.random_seed: 42
        train.batch_size: 4096
        train.device_request: cuda
        train.epochs: 40
        train.train_mode: 0
    outs:
    - path: models/checkpoints/
      hash: md5
      md5: 3d8954f4caa771adba1e7cfae82c0518.dir
      size: 47278
      nfiles: 1
  export:
    cmd: python3 source/export.py
    deps:
    - path: models/checkpoints/
      hash: md5
      md5: 3d8954f4caa771adba1e7cfae82c0518.dir
      size: 47278
      nfiles: 1
    - path: source/export.py
      hash: md5
      md5: f795d961d17988c38039fc22bca23278
      size: 1300
    params:
      params.yaml:
        general.input_size: 150
        train.train_mode: 0
    outs:
    - path: models/exports/
      hash: md5
      md5: adacd3a76a752fe0c2e7a54e127a67fb.dir
      size: 50450
      nfiles: 1
  save_logs:
    cmd: python3 source/utils/logs.py
    outs:
    - path: exp_logs/slurm
      hash: md5
      md5: dd8d0e554e387efa78a30f7496540b7a.dir
      size: 33872
      nfiles: 1
    - path: exp_logs/tensorboard/
      hash: md5
      md5: b83cd01ce74dc90435819884be5fcf08.dir
      size: 0
      nfiles: 1
